
Microsoft Visual Studio Solution File, Format Version 12.00
# Visual Studio Version 17
VisualStudioVersion = 17.0.31903.59
MinimumVisualStudioVersion = 10.0.40219.1
Project("{FAE04EC0-301F-11D3-BF4B-00C04F79EFBC}") = "ShoeManager.Core", "ShoeManager.Core\ShoeManager.Core.csproj", "{62FD3BAF-4A04-4D1B-8C88-7C994FC11397}"
EndProject
Project("{FAE04EC0-301F-11D3-BF4B-00C04F79EFBC}") = "ShoeManager.Windows", "ShoeManager.Windows\ShoeManager.Windows.csproj", "{DC50FFD4-7782-46C4-9B69-345684B8E288}"
EndProject
Project("{FAE04EC0-301F-11D3-BF4B-00C04F79EFBC}") = "ShoeManager.Android", "ShoeManager.Android\ShoeManager.Android.csproj", "{50DBEBD8-9BBF-4F48-9368-47EE6284EAEF}"
EndProject
Global
	GlobalSection(SolutionConfigurationPlatforms) = preSolution
		Debug|Any CPU = Debug|Any CPU
		Release|Any CPU = Release|Any CPU
	EndGlobalSection
	GlobalSection(SolutionProperties) = preSolution
		HideSolutionNode = FALSE
	EndGlobalSection
	GlobalSection(ProjectConfigurationPlatforms) = postSolution
		{62FD3BAF-4A04-4D1B-8C88-7C994FC11397}.Debug|Any CPU.ActiveCfg = Debug|Any CPU
		{62FD3BAF-4A04-4D1B-8C88-7C994FC11397}.Debug|Any CPU.Build.0 = Debug|Any CPU
		{62FD3BAF-4A04-4D1B-8C88-7C994FC11397}.Release|Any CPU.ActiveCfg = Release|Any CPU
		{62FD3BAF-4A04-4D1B-8C88-7C994FC11397}.Release|Any CPU.Build.0 = Release|Any CPU
		{DC50FFD4-7782-46C4-9B69-345684B8E288}.Debug|Any CPU.ActiveCfg = Debug|Any CPU
		{DC50FFD4-7782-46C4-9B69-345684B8E288}.Debug|Any CPU.Build.0 = Debug|Any CPU
		{DC50FFD4-7782-46C4-9B69-345684B8E288}.Release|Any CPU.ActiveCfg = Release|Any CPU
		{DC50FFD4-7782-46C4-9B69-345684B8E288}.Release|Any CPU.Build.0 = Release|Any CPU
		{50DBEBD8-9BBF-4F48-9368-47EE6284EAEF}.Debug|Any CPU.ActiveCfg = Debug|Any CPU
		{50DBEBD8-9BBF-4F48-9368-47EE6284EAEF}.Debug|Any CPU.Build.0 = Debug|Any CPU
		{50DBEBD8-9BBF-4F48-9368-47EE6284EAEF}.Release|Any CPU.ActiveCfg = Release|Any CPU
		{50DBEBD8-9BBF-4F48-9368-47EE6284EAEF}.Release|Any CPU.Build.0 = Release|Any CPU
	EndGlobalSection
EndGlobal
